// !$*UTF8*$!
{
	archiveVersion = 1;
	classes = {
	};
	objectVersion = 46;
	objects = {

/* Begin PBXBuildFile section */
		AF449CCB1A20EF3A006224D7 /* 03.mp3 in Resources */ = {isa = PBXBuildFile; fileRef = AF449CCA1A20EF3A006224D7 /* 03.mp3 */; };
		AFD8DB221A20DFB100C42DBE /* AppDelegate.swift in Sources */ = {isa = PBXBuildFile; fileRef = AFD8DB211A20DFB100C42DBE /* AppDelegate.swift */; };
		AFD8DB241A20DFB100C42DBE /* ViewController.swift in Sources */ = {isa = PBXBuildFile; fileRef = AFD8DB231A20DFB100C42DBE /* ViewController.swift */; };
		AFD8DB271A20DFB100C42DBE /* Main.storyboard in Resources */ = {isa = PBXBuildFile; fileRef = AFD8DB251A20DFB100C42DBE /* Main.storyboard */; };
		AFD8DB291A20DFB100C42DBE /* Images.xcassets in Resources */ = {isa = PBXBuildFile; fileRef = AFD8DB281A20DFB100C42DBE /* Images.xcassets */; };
		AFD8DB2C1A20DFB100C42DBE /* LaunchScreen.xib in Resources */ = {isa = PBXBuildFile; fileRef = AFD8DB2A1A20DFB100C42DBE /* LaunchScreen.xib */; };
		AFD8DB381A20DFB100C42DBE /* song1Tests.swift in Sources */ = {isa = PBXBuildFile; fileRef = AFD8DB371A20DFB100C42DBE /* song1Tests.swift */; };
		AFD8DB441A20E25500C42DBE /* View.swift in Sources */ = {isa = PBXBuildFile; fileRef = AFD8DB431A20E25500C42DBE /* View.swift */; };
/* End PBXBuildFile section */

/* Begin PBXContainerItemProxy section */
		AFD8DB321A20DFB100C42DBE /* PBXContainerItemProxy */ = {
			isa = PBXContainerItemProxy;
			containerPortal = AFD8DB141A20DFB100C42DBE /* Project object */;
			proxyType = 1;
			remoteGlobalIDString = AFD8DB1B1A20DFB100C42DBE;
			remoteInfo = song1;
		};
/* End PBXContainerItemProxy section */

/* Begin PBXFileReference section */
		AF449CCA1A20EF3A006224D7 /* 03.mp3 */ = {isa = PBXFileReference; lastKnownFileType = audio.mp3; path = 03.mp3; sourceTree = "<group>"; };
		AFD8DB1C1A20DFB100C42DBE /* song1.app */ = {isa = PBXFileReference; explicitFileType = wrapper.application; includeInIndex = 0; path = song1.app; sourceTree = BUILT_PRODUCTS_DIR; };
		AFD8DB201A20DFB100C42DBE /* Info.plist */ = {isa = PBXFileReference; lastKnownFileType = text.plist.xml; path = Info.plist; sourceTree = "<group>"; };
		AFD8DB211A20DFB100C42DBE /* AppDelegate.swift */ = {isa = PBXFileReference; lastKnownFileType = sourcecode.swift; path = AppDelegate.swift; sourceTree = "<group>"; };
		AFD8DB231A20DFB100C42DBE /* ViewController.swift */ = {isa = PBXFileReference; lastKnownFileType = sourcecode.swift; path = ViewController.swift; sourceTree = "<group>"; };
		AFD8DB261A20DFB100C42DBE /* Base */ = {isa = PBXFileReference; lastKnownFileType = file.storyboard; name = Base; path = Base.lproj/Main.storyboard; sourceTree = "<group>"; };
		AFD8DB281A20DFB100C42DBE /* Images.xcassets */ = {isa = PBXFileReference; lastKnownFileType = folder.assetcatalog; path = Images.xcassets; sourceTree = "<group>"; };
		AFD8DB2B1A20DFB100C42DBE /* Base */ = {isa = PBXFileReference; lastKnownFileType = file.xib; name = Base; path = Base.lproj/LaunchScreen.xib; sourceTree = "<group>"; };
		AFD8DB311A20DFB100C42DBE /* song1Tests.xctest */ = {isa = PBXFileReference; explicitFileType = wrapper.cfbundle; includeInIndex = 0; path = song1Tests.xctest; sourceTree = BUILT_PRODUCTS_DIR; };
		AFD8DB361A20DFB100C42DBE /* Info.plist */ = {isa = PBXFileReference; lastKnownFileType = text.plist.xml; path = Info.plist; sourceTree = "<group>"; };
		AFD8DB371A20DFB100C42DBE /* song1Tests.swift */ = {isa = PBXFileReference; lastKnownFileType = sourcecode.swift; path = song1Tests.swift; sourceTree = "<group>"; };
		AFD8DB431A20E25500C42DBE /* View.swift */ = {isa = PBXFileReference; fileEncoding = 4; lastKnownFileType = sourcecode.swift; path = View.swift; sourceTree = "<group>"; };
/* End PBXFileReference section */

/* Begin PBXFrameworksBuildPhase section */
		AFD8DB191A20DFB100C42DBE /* Frameworks */ = {
			isa = PBXFrameworksBuildPhase;
			buildActionMask = 2147483647;
			files = (
			);
			runOnlyForDeploymentPostprocessing = 0;
		};
		AFD8DB2E1A20DFB100C42DBE /* Frameworks */ = {
			isa = PBXFrameworksBuildPhase;
			buildActionMask = 2147483647;
			files = (
			);
			runOnlyForDeploymentPostprocessing = 0;
		};
/* End PBXFrameworksBuildPhase section */

/* Begin PBXGroup section */
		AFD8DB131A20DFB100C42DBE = {
			isa = PBXGroup;
			children = (
				AFD8DB1E1A20DFB100C42DBE /* song1 */,
				AFD8DB341A20DFB100C42DBE /* song1Tests */,
				AFD8DB1D1A20DFB100C42DBE /* Products */,
			);
			sourceTree = "<group>";
		};
		AFD8DB1D1A20DFB100C42DBE /* Products */ = {
			isa = PBXGroup;
			children = (
				AFD8DB1C1A20DFB100C42DBE /* song1.app */,
				AFD8DB311A20DFB100C42DBE /* song1Tests.xctest */,
			);
			name = Products;
			sourceTree = "<group>";
		};
		AFD8DB1E1A20DFB100C42DBE /* song1 */ = {
			isa = PBXGroup;
			children = (
				AFD8DB211A20DFB100C42DBE /* AppDelegate.swift */,
				AFD8DB231A20DFB100C42DBE /* ViewController.swift */,
				AFD8DB431A20E25500C42DBE /* View.swift */,
				AFD8DB251A20DFB100C42DBE /* Main.storyboard */,
				AFD8DB281A20DFB100C42DBE /* Images.xcassets */,
				AFD8DB2A1A20DFB100C42DBE /* LaunchScreen.xib */,
				AFD8DB1F1A20DFB100C42DBE /* Supporting Files */,
			);
			path = song1;
			sourceTree = "<group>";
		};
		AFD8DB1F1A20DFB100C42DBE /* Supporting Files */ = {
			isa = PBXGroup;
			children = (
				AF449CCA1A20EF3A006224D7 /* 03.mp3 */,
				AFD8DB201A20DFB100C42DBE /* Info.plist */,
			);
			name = "Supporting Files";
			sourceTree = "<group>";
		};
		AFD8DB341A20DFB100C42DBE /* song1Tests */ = {
			isa = PBXGroup;
			children = (
				AFD8DB371A20DFB100C42DBE /* song1Tests.swift */,
				AFD8DB351A20DFB100C42DBE /* Supporting Files */,
			);
			path = song1Tests;
			sourceTree = "<group>";
		};
		AFD8DB351A20DFB100C42DBE /* Supporting Files */ = {
			isa = PBXGroup;
			children = (
				AFD8DB361A20DFB100C42DBE /* Info.plist */,
			);
			name = "Supporting Files";
			sourceTree = "<group>";
		};
/* End PBXGroup section */

/* Begin PBXNativeTarget section */
		AFD8DB1B1A20DFB100C42DBE /* song1 */ = {
			isa = PBXNativeTarget;
			buildConfigurationList = AFD8DB3B1A20DFB100C42DBE /* Build configuration list for PBXNativeTarget "song1" */;
			buildPhases = (
				AFD8DB181A20DFB100C42DBE /* Sources */,
				AFD8DB191A20DFB100C42DBE /* Frameworks */,
				AFD8DB1A1A20DFB100C42DBE /* Resources */,
			);
			buildRules = (
			);
			dependencies = (
			);
			name = song1;
			productName = song1;
			productReference = AFD8DB1C1A20DFB100C42DBE /* song1.app */;
			productType = "com.apple.product-type.application";
		};
		AFD8DB301A20DFB100C42DBE /* song1Tests */ = {
			isa = PBXNativeTarget;
			buildConfigurationList = AFD8DB3E1A20DFB100C42DBE /* Build configuration list for PBXNativeTarget "song1Tests" */;
			buildPhases = (
				AFD8DB2D1A20DFB100C42DBE /* Sources */,
				AFD8DB2E1A20DFB100C42DBE /* Frameworks */,
				AFD8DB2F1A20DFB100C42DBE /* Resources */,
			);
			buildRules = (
			);
			dependencies = (
				AFD8DB331A20DFB100C42DBE /* PBXTargetDependency */,
			);
			name = song1Tests;
			productName = song1Tests;
			productReference = AFD8DB311A20DFB100C42DBE /* song1Tests.xctest */;
			productType = "com.apple.product-type.bundle.unit-test";
		};
/* End PBXNativeTarget section */

/* Begin PBXProject section */
		AFD8DB141A20DFB100C42DBE /* Project object */ = {
			isa = PBXProject;
			attributes = {
				LastUpgradeCheck = 0610;
				ORGANIZATIONNAME = "John Doe";
				TargetAttributes = {
					AFD8DB1B1A20DFB100C42DBE = {
						CreatedOnToolsVersion = 6.1;
					};
					AFD8DB301A20DFB100C42DBE = {
						CreatedOnToolsVersion = 6.1;
						TestTargetID = AFD8DB1B1A20DFB100C42DBE;
					};
				};
			};
			buildConfigurationList = AFD8DB171A20DFB100C42DBE /* Build configuration list for PBXProject "song1" */;
			compatibilityVersion = "Xcode 3.2";
			developmentRegion = English;
			hasScannedForEncodings = 0;
			knownRegions = (
				en,
				Base,
			);
			mainGroup = AFD8DB131A20DFB100C42DBE;
			productRefGroup = AFD8DB1D1A20DFB100C42DBE /* Products */;
			projectDirPath = "";
			projectRoot = "";
			targets = (
				AFD8DB1B1A20DFB100C42DBE /* song1 */,
				AFD8DB301A20DFB100C42DBE /* song1Tests */,
			);
		};
/* End PBXProject section */

/* Begin PBXResourcesBuildPhase section */
		AFD8DB1A1A20DFB100C42DBE /* Resources */ = {
			isa = PBXResourcesBuildPhase;
			buildActionMask = 2147483647;
			files = (
				AFD8DB271A20DFB100C42DBE /* Main.storyboard in Resources */,
				AFD8DB2C1A20DFB100C42DBE /* LaunchScreen.xib in Resources */,
				AFD8DB291A20DFB100C42DBE /* Images.xcassets in Resources */,
				AF449CCB1A20EF3A006224D7 /* 03.mp3 in Resources */,
			);
			runOnlyForDeploymentPostprocessing = 0;
		};
		AFD8DB2F1A20DFB100C42DBE /* Resources */ = {
			isa = PBXResourcesBuildPhase;
			buildActionMask = 2147483647;
			files = (
			);
			runOnlyForDeploymentPostprocessing = 0;
		};
/* End PBXResourcesBuildPhase section */

/* Begin PBXSourcesBuildPhase section */
		AFD8DB181A20DFB100C42DBE /* Sources */ = {
			isa = PBXSourcesBuildPhase;
			buildActionMask = 2147483647;
			files = (
				AFD8DB241A20DFB100C42DBE /* ViewController.swift in Sources */,
				AFD8DB221A20DFB100C42DBE /* AppDelegate.swift in Sources */,
				AFD8DB441A20E25500C42DBE /* View.swift in Sources */,
			);
			runOnlyForDeploymentPostprocessing = 0;
		};
		AFD8DB2D1A20DFB100C42DBE /* Sources */ = {
			isa = PBXSourcesBuildPhase;
			buildActionMask = 2147483647;
			files = (
				AFD8DB381A20DFB100C42DBE /* song1Tests.swift in Sources */,
			);
			runOnlyForDeploymentPostprocessing = 0;
		};
/* End PBXSourcesBuildPhase section */

/* Begin PBXTargetDependency section */
		AFD8DB331A20DFB100C42DBE /* PBXTargetDependency */ = {
			isa = PBXTargetDependency;
			target = AFD8DB1B1A20DFB100C42DBE /* song1 */;
			targetProxy = AFD8DB321A20DFB100C42DBE /* PBXContainerItemProxy */;
		};
/* End PBXTargetDependency section */

/* Begin PBXVariantGroup section */
		AFD8DB251A20DFB100C42DBE /* Main.storyboard */ = {
			isa = PBXVariantGroup;
			children = (
				AFD8DB261A20DFB100C42DBE /* Base */,
			);
			name = Main.storyboard;
			sourceTree = "<group>";
		};
		AFD8DB2A1A20DFB100C42DBE /* LaunchScreen.xib */ = {
			isa = PBXVariantGroup;
			children = (
				AFD8DB2B1A20DFB100C42DBE /* Base */,
			);
			name = LaunchScreen.xib;
			sourceTree = "<group>";
		};
/* End PBXVariantGroup section */

/* Begin XCBuildConfiguration section */
		AFD8DB391A20DFB100C42DBE /* Debug */ = {
			isa = XCBuildConfiguration;
			buildSettings = {
				ALWAYS_SEARCH_USER_PATHS = NO;
				CLANG_CXX_LANGUAGE_STANDARD = "gnu++0x";
				CLANG_CXX_LIBRARY = "libc++";
				CLANG_ENABLE_MODULES = YES;
				CLANG_ENABLE_OBJC_ARC = YES;
				CLANG_WARN_BOOL_CONVERSION = YES;
				CLANG_WARN_CONSTANT_CONVERSION = YES;
				CLANG_WARN_DIRECT_OBJC_ISA_USAGE = YES_ERROR;
				CLANG_WARN_EMPTY_BODY = YES;
				CLANG_WARN_ENUM_CONVERSION = YES;
				CLANG_WARN_INT_CONVERSION = YES;
				CLANG_WARN_OBJC_ROOT_CLASS = YES_ERROR;
				CLANG_WARN_UNREACHABLE_CODE = YES;
				CLANG_WARN__DUPLICATE_METHOD_MATCH = YES;
				"CODE_SIGN_IDENTITY[sdk=iphoneos*]" = "iPhone Developer";
				COPY_PHASE_STRIP = NO;
				ENABLE_STRICT_OBJC_MSGSEND = YES;
				GCC_C_LANGUAGE_STANDARD = gnu99;
				GCC_DYNAMIC_NO_PIC = NO;
				GCC_OPTIMIZATION_LEVEL = 0;
				GCC_PREPROCESSOR_DEFINITIONS = (
					"DEBUG=1",
					"$(inherited)",
				);
				GCC_SYMBOLS_PRIVATE_EXTERN = NO;
				GCC_WARN_64_TO_32_BIT_CONVERSION = YES;
				GCC_WARN_ABOUT_RETURN_TYPE = YES_ERROR;
				GCC_WARN_UNDECLARED_SELECTOR = YES;
				GCC_WARN_UNINITIALIZED_AUTOS = YES_AGGRESSIVE;
				GCC_WARN_UNUSED_FUNCTION = YES;
				GCC_WARN_UNUSED_VARIABLE = YES;
				IPHONEOS_DEPLOYMENT_TARGET = 8.1;
				MTL_ENABLE_DEBUG_INFO = YES;
				ONLY_ACTIVE_ARCH = YES;
				SDKROOT = iphoneos;
				SWIFT_OPTIMIZATION_LEVEL = "-Onone";
			};
			name = Debug;
		};
		AFD8DB3A1A20DFB100C42DBE /* Release */ = {
			isa = XCBuildConfiguration;
			buildSettings = {
				ALWAYS_SEARCH_USER_PATHS = NO;
				CLANG_CXX_LANGUAGE_STANDARD = "gnu++0x";
				CLANG_CXX_LIBRARY = "libc++";
				CLANG_ENABLE_MODULES = YES;
				CLANG_ENABLE_OBJC_ARC = YES;
				CLANG_WARN_BOOL_CONVERSION = YES;
				CLANG_WARN_CONSTANT_CONVERSION = YES;
				CLANG_WARN_DIRECT_OBJC_ISA_USAGE = YES_ERROR;
				CLANG_WARN_EMPTY_BODY = YES;
				CLANG_WARN_ENUM_CONVERSION = YES;
				CLANG_WARN_INT_CONVERSION = YES;
				CLANG_WARN_OBJC_ROOT_CLASS = YES_ERROR;
				CLANG_WARN_UNREACHABLE_CODE = YES;
				CLANG_WARN__DUPLICATE_METHOD_MATCH = YES;
				"CODE_SIGN_IDENTITY[sdk=iphoneos*]" = "iPhone Developer";
				COPY_PHASE_STRIP = YES;
				ENABLE_NS_ASSERTIONS = NO;
				ENABLE_STRICT_OBJC_MSGSEND = YES;
				GCC_C_LANGUAGE_STANDARD = gnu99;
				GCC_WARN_64_TO_32_BIT_CONVERSION = YES;
				GCC_WARN_ABOUT_RETURN_TYPE = YES_ERROR;
				GCC_WARN_UNDECLARED_SELECTOR = YES;
				GCC_WARN_UNINITIALIZED_AUTOS = YES_AGGRESSIVE;
				GCC_WARN_UNUSED_FUNCTION = YES;
				GCC_WARN_UNUSED_VARIABLE = YES;
				IPHONEOS_DEPLOYMENT_TARGET = 8.1;
				MTL_ENABLE_DEBUG_INFO = NO;
				SDKROOT = iphoneos;
				VALIDATE_PRODUCT = YES;
			};
			name = Release;
		};
		AFD8DB3C1A20DFB100C42DBE /* Debug */ = {
			isa = XCBuildConfiguration;
			buildSettings = {
				ASSETCATALOG_COMPILER_APPICON_NAME = AppIcon;
				INFOPLIST_FILE = song1/Info.plist;
				LD_RUNPATH_SEARCH_PATHS = "$(inherited) @executable_path/Frameworks";
				PRODUCT_NAME = "$(TARGET_NAME)";
			};
			name = Debug;
		};
		AFD8DB3D1A20DFB100C42DBE /* Release */ = {
			isa = XCBuildConfiguration;
			buildSettings = {
				ASSETCATALOG_COMPILER_APPICON_NAME = AppIcon;
				INFOPLIST_FILE = song1/Info.plist;
				LD_RUNPATH_SEARCH_PATHS = "$(inherited) @executable_path/Frameworks";
				PRODUCT_NAME = "$(TARGET_NAME)";
			};
			name = Release;
		};
		AFD8DB3F1A20DFB100C42DBE /* Debug */ = {
			isa = XCBuildConfiguration;
			buildSettings = {
				BUNDLE_LOADER = "$(TEST_HOST)";
				FRAMEWORK_SEARCH_PATHS = (
					"$(SDKROOT)/Developer/Library/Frameworks",
					"$(inherited)",
				);
				GCC_PREPROCESSOR_DEFINITIONS = (
					"DEBUG=1",
					"$(inherited)",
				);
				INFOPLIST_FILE = song1Tests/Info.plist;
				LD_RUNPATH_SEARCH_PATHS = "$(inherited) @executable_path/Frameworks @loader_path/Frameworks";
				PRODUCT_NAME = "$(TARGET_NAME)";
				TEST_HOST = "$(BUILT_PRODUCTS_DIR)/song1.app/song1";
			};
			name = Debug;
		};
		AFD8DB401A20DFB100C42DBE /* Release */ = {
			isa = XCBuildConfiguration;
			buildSettings = {
				BUNDLE_LOADER = "$(TEST_HOST)";
				FRAMEWORK_SEARCH_PATHS = (
					"$(SDKROOT)/Developer/Library/Frameworks",
					"$(inherited)",
				);
				INFOPLIST_FILE = song1Tests/Info.plist;
				LD_RUNPATH_SEARCH_PATHS = "$(inherited) @executable_path/Frameworks @loader_path/Frameworks";
				PRODUCT_NAME = "$(TARGET_NAME)";
				TEST_HOST = "$(BUILT_PRODUCTS_DIR)/song1.app/song1";
			};
			name = Release;
		};
/* End XCBuildConfiguration section */

/* Begin XCConfigurationList section */
		AFD8DB171A20DFB100C42DBE /* Build configuration list for PBXProject "song1" */ = {
			isa = XCConfigurationList;
			buildConfigurations = (
				AFD8DB391A20DFB100C42DBE /* Debug */,
				AFD8DB3A1A20DFB100C42DBE /* Release */,
			);
			defaultConfigurationIsVisible = 0;
			defaultConfigurationName = Release;
		};
		AFD8DB3B1A20DFB100C42DBE /* Build configuration list for PBXNativeTarget "song1" */ = {
			isa = XCConfigurationList;
			buildConfigurations = (
				AFD8DB3C1A20DFB100C42DBE /* Debug */,
				AFD8DB3D1A20DFB100C42DBE /* Release */,
			);
			defaultConfigurationIsVisible = 0;
			defaultConfigurationName = Release;
		};
		AFD8DB3E1A20DFB100C42DBE /* Build configuration list for PBXNativeTarget "song1Tests" */ = {
			isa = XCConfigurationList;
			buildConfigurations = (
				AFD8DB3F1A20DFB100C42DBE /* Debug */,
				AFD8DB401A20DFB100C42DBE /* Release */,
			);
			defaultConfigurationIsVisible = 0;
			defaultConfigurationName = Release;
		};
/* End XCConfigurationList section */
	};
	rootObject = AFD8DB141A20DFB100C42DBE /* Project object */;
}
